
Microsoft Visual Studio Solution File, Format Version 12.00
# Visual Studio Version 16
VisualStudioVersion = 16.0.30621.155
MinimumVisualStudioVersion = 10.0.40219.1
Project("{D954291E-2A0B-460D-934E-DC6B0785DB48}") = "AwesomeApp.Shared", "AwesomeApp\AwesomeApp.Shared\AwesomeApp.Shared.shproj", "{6279C845-92F8-4333-AB99-3D213163593C}"
EndProject
Project("{FAE04EC0-301F-11D3-BF4B-00C04F79EFBC}") = "AwesomeApp.Droid", "AwesomeApp\AwesomeApp.Droid\AwesomeApp.Droid.csproj", "{80A965AF-2295-47F9-84A6-AA410371EDC6}"
EndProject
Project("{FAE04EC0-301F-11D3-BF4B-00C04F79EFBC}") = "AwesomeApp.iOS", "AwesomeApp\AwesomeApp.iOS\AwesomeApp.iOS.csproj", "{B015E4E5-EB90-484F-888A-FFC20FB38C4B}"
EndProject
Project("{FAE04EC0-301F-11D3-BF4B-00C04F79EFBC}") = "AwesomeApp.UWP", "AwesomeApp\AwesomeApp.UWP\AwesomeApp.UWP.csproj", "{9F943F5A-6DB2-44A8-A7F8-75ED4F5F294E}"
EndProject
Project("{FAE04EC0-301F-11D3-BF4B-00C04F79EFBC}") = "AwesomeApp.Wasm", "AwesomeApp\AwesomeApp.Wasm\AwesomeApp.Wasm.csproj", "{6127CC4F-C146-49DD-9382-DAF88792E53C}"
EndProject
Project("{FAE04EC0-301F-11D3-BF4B-00C04F79EFBC}") = "AwesomeApp.macOS", "AwesomeApp\AwesomeApp.macOS\AwesomeApp.macOS.csproj", "{80DFB1C7-3BE7-4484-8775-186C89515251}"
EndProject
Project("{9A19103F-16F7-4668-BE54-9A1E7A4F7556}") = "AwesomeApp.Skia.Gtk", "AwesomeApp\AwesomeApp.Skia.Gtk\AwesomeApp.Skia.Gtk.csproj", "{38003588-ED1C-4EB4-B1DB-2137E47E2DC6}"
EndProject
Project("{9A19103F-16F7-4668-BE54-9A1E7A4F7556}") = "AwesomeApp.Skia.Wpf", "AwesomeApp\AwesomeApp.Skia.Wpf\AwesomeApp.Skia.Wpf.csproj", "{B965ACA3-F721-4EDD-9B76-EBD529EE4710}"
EndProject
Project("{9A19103F-16F7-4668-BE54-9A1E7A4F7556}") = "AwesomeApp.Skia.Wpf.Host", "AwesomeApp\AwesomeApp.Skia.Wpf.Host\AwesomeApp.Skia.Wpf.Host.csproj", "{BE5F452C-D679-47AE-875B-417980ACA3A8}"
EndProject
Global
	GlobalSection(SharedMSBuildProjectFiles) = preSolution
		AwesomeApp\AwesomeApp.Shared\AwesomeApp.Shared.projitems*{38003588-ed1c-4eb4-b1db-2137e47e2dc6}*SharedItemsImports = 5
		AwesomeApp\AwesomeApp.Shared\AwesomeApp.Shared.projitems*{6127cc4f-c146-49dd-9382-daf88792e53c}*SharedItemsImports = 5
		AwesomeApp\AwesomeApp.Shared\AwesomeApp.Shared.projitems*{6279c845-92f8-4333-ab99-3d213163593c}*SharedItemsImports = 13
		AwesomeApp\AwesomeApp.Shared\AwesomeApp.Shared.projitems*{80a965af-2295-47f9-84a6-aa410371edc6}*SharedItemsImports = 4
		AwesomeApp\AwesomeApp.Shared\AwesomeApp.Shared.projitems*{80dfb1c7-3be7-4484-8775-186c89515251}*SharedItemsImports = 4
		AwesomeApp\AwesomeApp.Shared\AwesomeApp.Shared.projitems*{9f943f5a-6db2-44a8-a7f8-75ed4f5f294e}*SharedItemsImports = 4
		AwesomeApp\AwesomeApp.Shared\AwesomeApp.Shared.projitems*{b015e4e5-eb90-484f-888a-ffc20fb38c4b}*SharedItemsImports = 4
		AwesomeApp\AwesomeApp.Shared\AwesomeApp.Shared.projitems*{b965aca3-f721-4edd-9b76-ebd529ee4710}*SharedItemsImports = 5
	EndGlobalSection
	GlobalSection(SolutionConfigurationPlatforms) = preSolution
		Ad-Hoc|Any CPU = Ad-Hoc|Any CPU
		Ad-Hoc|ARM = Ad-Hoc|ARM
		Ad-Hoc|ARM64 = Ad-Hoc|ARM64
		Ad-Hoc|iPhone = Ad-Hoc|iPhone
		Ad-Hoc|iPhoneSimulator = Ad-Hoc|iPhoneSimulator
		Ad-Hoc|x64 = Ad-Hoc|x64
		Ad-Hoc|x86 = Ad-Hoc|x86
		AppStore|Any CPU = AppStore|Any CPU
		AppStore|ARM = AppStore|ARM
		AppStore|ARM64 = AppStore|ARM64
		AppStore|iPhone = AppStore|iPhone
		AppStore|iPhoneSimulator = AppStore|iPhoneSimulator
		AppStore|x64 = AppStore|x64
		AppStore|x86 = AppStore|x86
		Debug|Any CPU = Debug|Any CPU
		Debug|ARM = Debug|ARM
		Debug|ARM64 = Debug|ARM64
		Debug|iPhone = Debug|iPhone
		Debug|iPhoneSimulator = Debug|iPhoneSimulator
		Debug|x64 = Debug|x64
		Debug|x86 = Debug|x86
		Release|Any CPU = Release|Any CPU
		Release|ARM = Release|ARM
		Release|ARM64 = Release|ARM64
		Release|iPhone = Release|iPhone
		Release|iPhoneSimulator = Release|iPhoneSimulator
		Release|x64 = Release|x64
		Release|x86 = Release|x86
	EndGlobalSection
	GlobalSection(ProjectConfigurationPlatforms) = postSolution
		{80A965AF-2295-47F9-84A6-AA410371EDC6}.Ad-Hoc|Any CPU.ActiveCfg = Debug|Any CPU
		{80A965AF-2295-47F9-84A6-AA410371EDC6}.Ad-Hoc|Any CPU.Build.0 = Debug|Any CPU
		{80A965AF-2295-47F9-84A6-AA410371EDC6}.Ad-Hoc|Any CPU.Deploy.0 = Debug|Any CPU
		{80A965AF-2295-47F9-84A6-AA410371EDC6}.Ad-Hoc|ARM.ActiveCfg = Debug|Any CPU
		{80A965AF-2295-47F9-84A6-AA410371EDC6}.Ad-Hoc|ARM.Build.0 = Debug|Any CPU
		{80A965AF-2295-47F9-84A6-AA410371EDC6}.Ad-Hoc|ARM.Deploy.0 = Debug|Any CPU
		{80A965AF-2295-47F9-84A6-AA410371EDC6}.Ad-Hoc|ARM64.ActiveCfg = Debug|Any CPU
		{80A965AF-2295-47F9-84A6-AA410371EDC6}.Ad-Hoc|ARM64.Build.0 = Debug|Any CPU
		{80A965AF-2295-47F9-84A6-AA410371EDC6}.Ad-Hoc|ARM64.Deploy.0 = Debug|Any CPU
		{80A965AF-2295-47F9-84A6-AA410371EDC6}.Ad-Hoc|iPhone.ActiveCfg = Debug|Any CPU
		{80A965AF-2295-47F9-84A6-AA410371EDC6}.Ad-Hoc|iPhone.Build.0 = Debug|Any CPU
		{80A965AF-2295-47F9-84A6-AA410371EDC6}.Ad-Hoc|iPhone.Deploy.0 = Debug|Any CPU
		{80A965AF-2295-47F9-84A6-AA410371EDC6}.Ad-Hoc|iPhoneSimulator.ActiveCfg = Debug|Any CPU
		{80A965AF-2295-47F9-84A6-AA410371EDC6}.Ad-Hoc|iPhoneSimulator.Build.0 = Debug|Any CPU
		{80A965AF-2295-47F9-84A6-AA410371EDC6}.Ad-Hoc|iPhoneSimulator.Deploy.0 = Debug|Any CPU
		{80A965AF-2295-47F9-84A6-AA410371EDC6}.Ad-Hoc|x64.ActiveCfg = Debug|Any CPU
		{80A965AF-2295-47F9-84A6-AA410371EDC6}.Ad-Hoc|x64.Build.0 = Debug|Any CPU
		{80A965AF-2295-47F9-84A6-AA410371EDC6}.Ad-Hoc|x64.Deploy.0 = Debug|Any CPU
		{80A965AF-2295-47F9-84A6-AA410371EDC6}.Ad-Hoc|x86.ActiveCfg = Debug|Any CPU
		{80A965AF-2295-47F9-84A6-AA410371EDC6}.Ad-Hoc|x86.Build.0 = Debug|Any CPU
		{80A965AF-2295-47F9-84A6-AA410371EDC6}.Ad-Hoc|x86.Deploy.0 = Debug|Any CPU
		{80A965AF-2295-47F9-84A6-AA410371EDC6}.AppStore|Any CPU.ActiveCfg = Debug|Any CPU
		{80A965AF-2295-47F9-84A6-AA410371EDC6}.AppStore|Any CPU.Build.0 = Debug|Any CPU
		{80A965AF-2295-47F9-84A6-AA410371EDC6}.AppStore|Any CPU.Deploy.0 = Debug|Any CPU
		{80A965AF-2295-47F9-84A6-AA410371EDC6}.AppStore|ARM.ActiveCfg = Debug|Any CPU
		{80A965AF-2295-47F9-84A6-AA410371EDC6}.AppStore|ARM.Build.0 = Debug|Any CPU
		{80A965AF-2295-47F9-84A6-AA410371EDC6}.AppStore|ARM.Deploy.0 = Debug|Any CPU
		{80A965AF-2295-47F9-84A6-AA410371EDC6}.AppStore|ARM64.ActiveCfg = Debug|Any CPU
		{80A965AF-2295-47F9-84A6-AA410371EDC6}.AppStore|ARM64.Build.0 = Debug|Any CPU
		{80A965AF-2295-47F9-84A6-AA410371EDC6}.AppStore|ARM64.Deploy.0 = Debug|Any CPU
		{80A965AF-2295-47F9-84A6-AA410371EDC6}.AppStore|iPhone.ActiveCfg = Debug|Any CPU
		{80A965AF-2295-47F9-84A6-AA410371EDC6}.AppStore|iPhone.Build.0 = Debug|Any CPU
		{80A965AF-2295-47F9-84A6-AA410371EDC6}.AppStore|iPhone.Deploy.0 = Debug|Any CPU
		{80A965AF-2295-47F9-84A6-AA410371EDC6}.AppStore|iPhoneSimulator.ActiveCfg = Debug|Any CPU
		{80A965AF-2295-47F9-84A6-AA410371EDC6}.AppStore|iPhoneSimulator.Build.0 = Debug|Any CPU
		{80A965AF-2295-47F9-84A6-AA410371EDC6}.AppStore|iPhoneSimulator.Deploy.0 = Debug|Any CPU
		{80A965AF-2295-47F9-84A6-AA410371EDC6}.AppStore|x64.ActiveCfg = Debug|Any CPU
		{80A965AF-2295-47F9-84A6-AA410371EDC6}.AppStore|x64.Build.0 = Debug|Any CPU
		{80A965AF-2295-47F9-84A6-AA410371EDC6}.AppStore|x64.Deploy.0 = Debug|Any CPU
		{80A965AF-2295-47F9-84A6-AA410371EDC6}.AppStore|x86.ActiveCfg = Debug|Any CPU
		{80A965AF-2295-47F9-84A6-AA410371EDC6}.AppStore|x86.Build.0 = Debug|Any CPU
		{80A965AF-2295-47F9-84A6-AA410371EDC6}.AppStore|x86.Deploy.0 = Debug|Any CPU
		{80A965AF-2295-47F9-84A6-AA410371EDC6}.Debug|Any CPU.ActiveCfg = Debug|Any CPU
		{80A965AF-2295-47F9-84A6-AA410371EDC6}.Debug|Any CPU.Build.0 = Debug|Any CPU
		{80A965AF-2295-47F9-84A6-AA410371EDC6}.Debug|Any CPU.Deploy.0 = Debug|Any CPU
		{80A965AF-2295-47F9-84A6-AA410371EDC6}.Debug|ARM.ActiveCfg = Debug|Any CPU
		{80A965AF-2295-47F9-84A6-AA410371EDC6}.Debug|ARM.Build.0 = Debug|Any CPU
		{80A965AF-2295-47F9-84A6-AA410371EDC6}.Debug|ARM.Deploy.0 = Debug|Any CPU
		{80A965AF-2295-47F9-84A6-AA410371EDC6}.Debug|ARM64.ActiveCfg = Debug|Any CPU
		{80A965AF-2295-47F9-84A6-AA410371EDC6}.Debug|ARM64.Build.0 = Debug|Any CPU
		{80A965AF-2295-47F9-84A6-AA410371EDC6}.Debug|ARM64.Deploy.0 = Debug|Any CPU
		{80A965AF-2295-47F9-84A6-AA410371EDC6}.Debug|iPhone.ActiveCfg = Debug|Any CPU
		{80A965AF-2295-47F9-84A6-AA410371EDC6}.Debug|iPhone.Build.0 = Debug|Any CPU
		{80A965AF-2295-47F9-84A6-AA410371EDC6}.Debug|iPhone.Deploy.0 = Debug|Any CPU
		{80A965AF-2295-47F9-84A6-AA410371EDC6}.Debug|iPhoneSimulator.ActiveCfg = Debug|Any CPU
		{80A965AF-2295-47F9-84A6-AA410371EDC6}.Debug|iPhoneSimulator.Build.0 = Debug|Any CPU
		{80A965AF-2295-47F9-84A6-AA410371EDC6}.Debug|iPhoneSimulator.Deploy.0 = Debug|Any CPU
		{80A965AF-2295-47F9-84A6-AA410371EDC6}.Debug|x64.ActiveCfg = Debug|Any CPU
		{80A965AF-2295-47F9-84A6-AA410371EDC6}.Debug|x64.Build.0 = Debug|Any CPU
		{80A965AF-2295-47F9-84A6-AA410371EDC6}.Debug|x64.Deploy.0 = Debug|Any CPU
		{80A965AF-2295-47F9-84A6-AA410371EDC6}.Debug|x86.ActiveCfg = Debug|Any CPU
		{80A965AF-2295-47F9-84A6-AA410371EDC6}.Debug|x86.Build.0 = Debug|Any CPU
		{80A965AF-2295-47F9-84A6-AA410371EDC6}.Debug|x86.Deploy.0 = Debug|Any CPU
		{80A965AF-2295-47F9-84A6-AA410371EDC6}.Release|Any CPU.ActiveCfg = Release|Any CPU
		{80A965AF-2295-47F9-84A6-AA410371EDC6}.Release|Any CPU.Build.0 = Release|Any CPU
		{80A965AF-2295-47F9-84A6-AA410371EDC6}.Release|Any CPU.Deploy.0 = Release|Any CPU
		{80A965AF-2295-47F9-84A6-AA410371EDC6}.Release|ARM.ActiveCfg = Release|Any CPU
		{80A965AF-2295-47F9-84A6-AA410371EDC6}.Release|ARM.Build.0 = Release|Any CPU
		{80A965AF-2295-47F9-84A6-AA410371EDC6}.Release|ARM.Deploy.0 = Release|Any CPU
		{80A965AF-2295-47F9-84A6-AA410371EDC6}.Release|ARM64.ActiveCfg = Release|Any CPU
		{80A965AF-2295-47F9-84A6-AA410371EDC6}.Release|ARM64.Build.0 = Release|Any CPU
		{80A965AF-2295-47F9-84A6-AA410371EDC6}.Release|ARM64.Deploy.0 = Release|Any CPU
		{80A965AF-2295-47F9-84A6-AA410371EDC6}.Release|iPhone.ActiveCfg = Release|Any CPU
		{80A965AF-2295-47F9-84A6-AA410371EDC6}.Release|iPhone.Build.0 = Release|Any CPU
		{80A965AF-2295-47F9-84A6-AA410371EDC6}.Release|iPhone.Deploy.0 = Release|Any CPU
		{80A965AF-2295-47F9-84A6-AA410371EDC6}.Release|iPhoneSimulator.ActiveCfg = Release|Any CPU
		{80A965AF-2295-47F9-84A6-AA410371EDC6}.Release|iPhoneSimulator.Build.0 = Release|Any CPU
		{80A965AF-2295-47F9-84A6-AA410371EDC6}.Release|iPhoneSimulator.Deploy.0 = Release|Any CPU
		{80A965AF-2295-47F9-84A6-AA410371EDC6}.Release|x64.ActiveCfg = Release|Any CPU
		{80A965AF-2295-47F9-84A6-AA410371EDC6}.Release|x64.Build.0 = Release|Any CPU
		{80A965AF-2295-47F9-84A6-AA410371EDC6}.Release|x64.Deploy.0 = Release|Any CPU
		{80A965AF-2295-47F9-84A6-AA410371EDC6}.Release|x86.ActiveCfg = Release|Any CPU
		{80A965AF-2295-47F9-84A6-AA410371EDC6}.Release|x86.Build.0 = Release|Any CPU
		{80A965AF-2295-47F9-84A6-AA410371EDC6}.Release|x86.Deploy.0 = Release|Any CPU
		{B015E4E5-EB90-484F-888A-FFC20FB38C4B}.Ad-Hoc|Any CPU.ActiveCfg = Ad-Hoc|iPhoneSimulator
		{B015E4E5-EB90-484F-888A-FFC20FB38C4B}.Ad-Hoc|ARM.ActiveCfg = Ad-Hoc|iPhoneSimulator
		{B015E4E5-EB90-484F-888A-FFC20FB38C4B}.Ad-Hoc|ARM64.ActiveCfg = Ad-Hoc|iPhoneSimulator
		{B015E4E5-EB90-484F-888A-FFC20FB38C4B}.Ad-Hoc|iPhone.ActiveCfg = Ad-Hoc|iPhone
		{B015E4E5-EB90-484F-888A-FFC20FB38C4B}.Ad-Hoc|iPhone.Build.0 = Ad-Hoc|iPhone
		{B015E4E5-EB90-484F-888A-FFC20FB38C4B}.Ad-Hoc|iPhoneSimulator.ActiveCfg = Ad-Hoc|iPhoneSimulator
		{B015E4E5-EB90-484F-888A-FFC20FB38C4B}.Ad-Hoc|iPhoneSimulator.Build.0 = Ad-Hoc|iPhoneSimulator
		{B015E4E5-EB90-484F-888A-FFC20FB38C4B}.Ad-Hoc|x64.ActiveCfg = Ad-Hoc|iPhoneSimulator
		{B015E4E5-EB90-484F-888A-FFC20FB38C4B}.Ad-Hoc|x86.ActiveCfg = Ad-Hoc|iPhoneSimulator
		{B015E4E5-EB90-484F-888A-FFC20FB38C4B}.AppStore|Any CPU.ActiveCfg = AppStore|iPhoneSimulator
		{B015E4E5-EB90-484F-888A-FFC20FB38C4B}.AppStore|ARM.ActiveCfg = AppStore|iPhoneSimulator
		{B015E4E5-EB90-484F-888A-FFC20FB38C4B}.AppStore|ARM64.ActiveCfg = AppStore|iPhoneSimulator
		{B015E4E5-EB90-484F-888A-FFC20FB38C4B}.AppStore|iPhone.ActiveCfg = AppStore|iPhone
		{B015E4E5-EB90-484F-888A-FFC20FB38C4B}.AppStore|iPhone.Build.0 = AppStore|iPhone
		{B015E4E5-EB90-484F-888A-FFC20FB38C4B}.AppStore|iPhoneSimulator.ActiveCfg = AppStore|iPhoneSimulator
		{B015E4E5-EB90-484F-888A-FFC20FB38C4B}.AppStore|iPhoneSimulator.Build.0 = AppStore|iPhoneSimulator
		{B015E4E5-EB90-484F-888A-FFC20FB38C4B}.AppStore|x64.ActiveCfg = AppStore|iPhoneSimulator
		{B015E4E5-EB90-484F-888A-FFC20FB38C4B}.AppStore|x86.ActiveCfg = AppStore|iPhoneSimulator
		{B015E4E5-EB90-484F-888A-FFC20FB38C4B}.Debug|Any CPU.ActiveCfg = Debug|iPhoneSimulator
		{B015E4E5-EB90-484F-888A-FFC20FB38C4B}.Debug|ARM.ActiveCfg = Debug|iPhoneSimulator
		{B015E4E5-EB90-484F-888A-FFC20FB38C4B}.Debug|ARM64.ActiveCfg = Debug|iPhoneSimulator
		{B015E4E5-EB90-484F-888A-FFC20FB38C4B}.Debug|iPhone.ActiveCfg = Debug|iPhone
		{B015E4E5-EB90-484F-888A-FFC20FB38C4B}.Debug|iPhone.Build.0 = Debug|iPhone
		{B015E4E5-EB90-484F-888A-FFC20FB38C4B}.Debug|iPhoneSimulator.ActiveCfg = Debug|iPhoneSimulator
		{B015E4E5-EB90-484F-888A-FFC20FB38C4B}.Debug|iPhoneSimulator.Build.0 = Debug|iPhoneSimulator
		{B015E4E5-EB90-484F-888A-FFC20FB38C4B}.Debug|x64.ActiveCfg = Debug|iPhoneSimulator
		{B015E4E5-EB90-484F-888A-FFC20FB38C4B}.Debug|x86.ActiveCfg = Debug|iPhoneSimulator
		{B015E4E5-EB90-484F-888A-FFC20FB38C4B}.Release|Any CPU.ActiveCfg = Release|iPhoneSimulator
		{B015E4E5-EB90-484F-888A-FFC20FB38C4B}.Release|ARM.ActiveCfg = Release|iPhoneSimulator
		{B015E4E5-EB90-484F-888A-FFC20FB38C4B}.Release|ARM64.ActiveCfg = Release|iPhoneSimulator
		{B015E4E5-EB90-484F-888A-FFC20FB38C4B}.Release|iPhone.ActiveCfg = Release|iPhone
		{B015E4E5-EB90-484F-888A-FFC20FB38C4B}.Release|iPhone.Build.0 = Release|iPhone
		{B015E4E5-EB90-484F-888A-FFC20FB38C4B}.Release|iPhoneSimulator.ActiveCfg = Release|iPhoneSimulator
		{B015E4E5-EB90-484F-888A-FFC20FB38C4B}.Release|iPhoneSimulator.Build.0 = Release|iPhoneSimulator
		{B015E4E5-EB90-484F-888A-FFC20FB38C4B}.Release|x64.ActiveCfg = Release|iPhoneSimulator
		{B015E4E5-EB90-484F-888A-FFC20FB38C4B}.Release|x86.ActiveCfg = Release|iPhoneSimulator
		{9F943F5A-6DB2-44A8-A7F8-75ED4F5F294E}.Ad-Hoc|Any CPU.ActiveCfg = Debug|x86
		{9F943F5A-6DB2-44A8-A7F8-75ED4F5F294E}.Ad-Hoc|Any CPU.Build.0 = Debug|x86
		{9F943F5A-6DB2-44A8-A7F8-75ED4F5F294E}.Ad-Hoc|Any CPU.Deploy.0 = Debug|x86
		{9F943F5A-6DB2-44A8-A7F8-75ED4F5F294E}.Ad-Hoc|ARM.ActiveCfg = Debug|ARM
		{9F943F5A-6DB2-44A8-A7F8-75ED4F5F294E}.Ad-Hoc|ARM.Build.0 = Debug|ARM
		{9F943F5A-6DB2-44A8-A7F8-75ED4F5F294E}.Ad-Hoc|ARM.Deploy.0 = Debug|ARM
		{9F943F5A-6DB2-44A8-A7F8-75ED4F5F294E}.Ad-Hoc|ARM64.ActiveCfg = Debug|ARM64
		{9F943F5A-6DB2-44A8-A7F8-75ED4F5F294E}.Ad-Hoc|ARM64.Build.0 = Debug|ARM64
		{9F943F5A-6DB2-44A8-A7F8-75ED4F5F294E}.Ad-Hoc|ARM64.Deploy.0 = Debug|ARM64
		{9F943F5A-6DB2-44A8-A7F8-75ED4F5F294E}.Ad-Hoc|iPhone.ActiveCfg = Debug|x86
		{9F943F5A-6DB2-44A8-A7F8-75ED4F5F294E}.Ad-Hoc|iPhone.Build.0 = Debug|x86
		{9F943F5A-6DB2-44A8-A7F8-75ED4F5F294E}.Ad-Hoc|iPhone.Deploy.0 = Debug|x86
		{9F943F5A-6DB2-44A8-A7F8-75ED4F5F294E}.Ad-Hoc|iPhoneSimulator.ActiveCfg = Debug|x86
		{9F943F5A-6DB2-44A8-A7F8-75ED4F5F294E}.Ad-Hoc|iPhoneSimulator.Build.0 = Debug|x86
		{9F943F5A-6DB2-44A8-A7F8-75ED4F5F294E}.Ad-Hoc|iPhoneSimulator.Deploy.0 = Debug|x86
		{9F943F5A-6DB2-44A8-A7F8-75ED4F5F294E}.Ad-Hoc|x64.ActiveCfg = Debug|x64
		{9F943F5A-6DB2-44A8-A7F8-75ED4F5F294E}.Ad-Hoc|x64.Build.0 = Debug|x64
		{9F943F5A-6DB2-44A8-A7F8-75ED4F5F294E}.Ad-Hoc|x64.Deploy.0 = Debug|x64
		{9F943F5A-6DB2-44A8-A7F8-75ED4F5F294E}.Ad-Hoc|x86.ActiveCfg = Debug|x86
		{9F943F5A-6DB2-44A8-A7F8-75ED4F5F294E}.Ad-Hoc|x86.Build.0 = Debug|x86
		{9F943F5A-6DB2-44A8-A7F8-75ED4F5F294E}.Ad-Hoc|x86.Deploy.0 = Debug|x86
		{9F943F5A-6DB2-44A8-A7F8-75ED4F5F294E}.AppStore|Any CPU.ActiveCfg = Debug|x86
		{9F943F5A-6DB2-44A8-A7F8-75ED4F5F294E}.AppStore|Any CPU.Build.0 = Debug|x86
		{9F943F5A-6DB2-44A8-A7F8-75ED4F5F294E}.AppStore|Any CPU.Deploy.0 = Debug|x86
		{9F943F5A-6DB2-44A8-A7F8-75ED4F5F294E}.AppStore|ARM.ActiveCfg = Debug|ARM
		{9F943F5A-6DB2-44A8-A7F8-75ED4F5F294E}.AppStore|ARM.Build.0 = Debug|ARM
		{9F943F5A-6DB2-44A8-A7F8-75ED4F5F294E}.AppStore|ARM.Deploy.0 = Debug|ARM
		{9F943F5A-6DB2-44A8-A7F8-75ED4F5F294E}.AppStore|ARM64.ActiveCfg = Debug|ARM64
		{9F943F5A-6DB2-44A8-A7F8-75ED4F5F294E}.AppStore|ARM64.Build.0 = Debug|ARM64
		{9F943F5A-6DB2-44A8-A7F8-75ED4F5F294E}.AppStore|ARM64.Deploy.0 = Debug|ARM64
		{9F943F5A-6DB2-44A8-A7F8-75ED4F5F294E}.AppStore|iPhone.ActiveCfg = Debug|x86
		{9F943F5A-6DB2-44A8-A7F8-75ED4F5F294E}.AppStore|iPhone.Build.0 = Debug|x86
		{9F943F5A-6DB2-44A8-A7F8-75ED4F5F294E}.AppStore|iPhone.Deploy.0 = Debug|x86
		{9F943F5A-6DB2-44A8-A7F8-75ED4F5F294E}.AppStore|iPhoneSimulator.ActiveCfg = Debug|x86
		{9F943F5A-6DB2-44A8-A7F8-75ED4F5F294E}.AppStore|iPhoneSimulator.Build.0 = Debug|x86
		{9F943F5A-6DB2-44A8-A7F8-75ED4F5F294E}.AppStore|iPhoneSimulator.Deploy.0 = Debug|x86
		{9F943F5A-6DB2-44A8-A7F8-75ED4F5F294E}.AppStore|x64.ActiveCfg = Debug|x64
		{9F943F5A-6DB2-44A8-A7F8-75ED4F5F294E}.AppStore|x64.Build.0 = Debug|x64
		{9F943F5A-6DB2-44A8-A7F8-75ED4F5F294E}.AppStore|x64.Deploy.0 = Debug|x64
		{9F943F5A-6DB2-44A8-A7F8-75ED4F5F294E}.AppStore|x86.ActiveCfg = Debug|x86
		{9F943F5A-6DB2-44A8-A7F8-75ED4F5F294E}.AppStore|x86.Build.0 = Debug|x86
		{9F943F5A-6DB2-44A8-A7F8-75ED4F5F294E}.AppStore|x86.Deploy.0 = Debug|x86
		{9F943F5A-6DB2-44A8-A7F8-75ED4F5F294E}.Debug|Any CPU.ActiveCfg = Debug|x86
		{9F943F5A-6DB2-44A8-A7F8-75ED4F5F294E}.Debug|ARM.ActiveCfg = Debug|ARM
		{9F943F5A-6DB2-44A8-A7F8-75ED4F5F294E}.Debug|ARM.Build.0 = Debug|ARM
		{9F943F5A-6DB2-44A8-A7F8-75ED4F5F294E}.Debug|ARM.Deploy.0 = Debug|ARM
		{9F943F5A-6DB2-44A8-A7F8-75ED4F5F294E}.Debug|ARM64.ActiveCfg = Debug|ARM64
		{9F943F5A-6DB2-44A8-A7F8-75ED4F5F294E}.Debug|ARM64.Build.0 = Debug|ARM64
		{9F943F5A-6DB2-44A8-A7F8-75ED4F5F294E}.Debug|ARM64.Deploy.0 = Debug|ARM64
		{9F943F5A-6DB2-44A8-A7F8-75ED4F5F294E}.Debug|iPhone.ActiveCfg = Debug|x86
		{9F943F5A-6DB2-44A8-A7F8-75ED4F5F294E}.Debug|iPhoneSimulator.ActiveCfg = Debug|x86
		{9F943F5A-6DB2-44A8-A7F8-75ED4F5F294E}.Debug|x64.ActiveCfg = Debug|x64
		{9F943F5A-6DB2-44A8-A7F8-75ED4F5F294E}.Debug|x64.Build.0 = Debug|x64
		{9F943F5A-6DB2-44A8-A7F8-75ED4F5F294E}.Debug|x64.Deploy.0 = Debug|x64
		{9F943F5A-6DB2-44A8-A7F8-75ED4F5F294E}.Debug|x86.ActiveCfg = Debug|x86
		{9F943F5A-6DB2-44A8-A7F8-75ED4F5F294E}.Debug|x86.Build.0 = Debug|x86
		{9F943F5A-6DB2-44A8-A7F8-75ED4F5F294E}.Debug|x86.Deploy.0 = Debug|x86
		{9F943F5A-6DB2-44A8-A7F8-75ED4F5F294E}.Release|Any CPU.ActiveCfg = Release|x86
		{9F943F5A-6DB2-44A8-A7F8-75ED4F5F294E}.Release|ARM.ActiveCfg = Release|ARM
		{9F943F5A-6DB2-44A8-A7F8-75ED4F5F294E}.Release|ARM.Build.0 = Release|ARM
		{9F943F5A-6DB2-44A8-A7F8-75ED4F5F294E}.Release|ARM.Deploy.0 = Release|ARM
		{9F943F5A-6DB2-44A8-A7F8-75ED4F5F294E}.Release|ARM64.ActiveCfg = Release|ARM64
		{9F943F5A-6DB2-44A8-A7F8-75ED4F5F294E}.Release|ARM64.Build.0 = Release|ARM64
		{9F943F5A-6DB2-44A8-A7F8-75ED4F5F294E}.Release|ARM64.Deploy.0 = Release|ARM64
		{9F943F5A-6DB2-44A8-A7F8-75ED4F5F294E}.Release|iPhone.ActiveCfg = Release|x86
		{9F943F5A-6DB2-44A8-A7F8-75ED4F5F294E}.Release|iPhoneSimulator.ActiveCfg = Release|x86
		{9F943F5A-6DB2-44A8-A7F8-75ED4F5F294E}.Release|x64.ActiveCfg = Release|x64
		{9F943F5A-6DB2-44A8-A7F8-75ED4F5F294E}.Release|x64.Build.0 = Release|x64
		{9F943F5A-6DB2-44A8-A7F8-75ED4F5F294E}.Release|x64.Deploy.0 = Release|x64
		{9F943F5A-6DB2-44A8-A7F8-75ED4F5F294E}.Release|x86.ActiveCfg = Release|x86
		{9F943F5A-6DB2-44A8-A7F8-75ED4F5F294E}.Release|x86.Build.0 = Release|x86
		{9F943F5A-6DB2-44A8-A7F8-75ED4F5F294E}.Release|x86.Deploy.0 = Release|x86
		{6127CC4F-C146-49DD-9382-DAF88792E53C}.Ad-Hoc|Any CPU.ActiveCfg = Release|Any CPU
		{6127CC4F-C146-49DD-9382-DAF88792E53C}.Ad-Hoc|Any CPU.Build.0 = Release|Any CPU
		{6127CC4F-C146-49DD-9382-DAF88792E53C}.Ad-Hoc|ARM.ActiveCfg = Release|Any CPU
		{6127CC4F-C146-49DD-9382-DAF88792E53C}.Ad-Hoc|ARM.Build.0 = Release|Any CPU
		{6127CC4F-C146-49DD-9382-DAF88792E53C}.Ad-Hoc|ARM64.ActiveCfg = Release|Any CPU
		{6127CC4F-C146-49DD-9382-DAF88792E53C}.Ad-Hoc|ARM64.Build.0 = Release|Any CPU
		{6127CC4F-C146-49DD-9382-DAF88792E53C}.Ad-Hoc|iPhone.ActiveCfg = Release|Any CPU
		{6127CC4F-C146-49DD-9382-DAF88792E53C}.Ad-Hoc|iPhone.Build.0 = Release|Any CPU
		{6127CC4F-C146-49DD-9382-DAF88792E53C}.Ad-Hoc|iPhoneSimulator.ActiveCfg = Release|Any CPU
		{6127CC4F-C146-49DD-9382-DAF88792E53C}.Ad-Hoc|iPhoneSimulator.Build.0 = Release|Any CPU
		{6127CC4F-C146-49DD-9382-DAF88792E53C}.Ad-Hoc|x64.ActiveCfg = Release|Any CPU
		{6127CC4F-C146-49DD-9382-DAF88792E53C}.Ad-Hoc|x64.Build.0 = Release|Any CPU
		{6127CC4F-C146-49DD-9382-DAF88792E53C}.Ad-Hoc|x86.ActiveCfg = Release|Any CPU
		{6127CC4F-C146-49DD-9382-DAF88792E53C}.Ad-Hoc|x86.Build.0 = Release|Any CPU
		{6127CC4F-C146-49DD-9382-DAF88792E53C}.AppStore|Any CPU.ActiveCfg = Release|Any CPU
		{6127CC4F-C146-49DD-9382-DAF88792E53C}.AppStore|Any CPU.Build.0 = Release|Any CPU
		{6127CC4F-C146-49DD-9382-DAF88792E53C}.AppStore|ARM.ActiveCfg = Release|Any CPU
		{6127CC4F-C146-49DD-9382-DAF88792E53C}.AppStore|ARM.Build.0 = Release|Any CPU
		{6127CC4F-C146-49DD-9382-DAF88792E53C}.AppStore|ARM64.ActiveCfg = Release|Any CPU
		{6127CC4F-C146-49DD-9382-DAF88792E53C}.AppStore|ARM64.Build.0 = Release|Any CPU
		{6127CC4F-C146-49DD-9382-DAF88792E53C}.AppStore|iPhone.ActiveCfg = Release|Any CPU
		{6127CC4F-C146-49DD-9382-DAF88792E53C}.AppStore|iPhone.Build.0 = Release|Any CPU
		{6127CC4F-C146-49DD-9382-DAF88792E53C}.AppStore|iPhoneSimulator.ActiveCfg = Release|Any CPU
		{6127CC4F-C146-49DD-9382-DAF88792E53C}.AppStore|iPhoneSimulator.Build.0 = Release|Any CPU
		{6127CC4F-C146-49DD-9382-DAF88792E53C}.AppStore|x64.ActiveCfg = Release|Any CPU
		{6127CC4F-C146-49DD-9382-DAF88792E53C}.AppStore|x64.Build.0 = Release|Any CPU
		{6127CC4F-C146-49DD-9382-DAF88792E53C}.AppStore|x86.ActiveCfg = Release|Any CPU
		{6127CC4F-C146-49DD-9382-DAF88792E53C}.AppStore|x86.Build.0 = Release|Any CPU
		{6127CC4F-C146-49DD-9382-DAF88792E53C}.Debug|Any CPU.ActiveCfg = Debug|Any CPU
		{6127CC4F-C146-49DD-9382-DAF88792E53C}.Debug|Any CPU.Build.0 = Debug|Any CPU
		{6127CC4F-C146-49DD-9382-DAF88792E53C}.Debug|ARM.ActiveCfg = Debug|Any CPU
		{6127CC4F-C146-49DD-9382-DAF88792E53C}.Debug|ARM.Build.0 = Debug|Any CPU
		{6127CC4F-C146-49DD-9382-DAF88792E53C}.Debug|ARM64.ActiveCfg = Debug|Any CPU
		{6127CC4F-C146-49DD-9382-DAF88792E53C}.Debug|ARM64.Build.0 = Debug|Any CPU
		{6127CC4F-C146-49DD-9382-DAF88792E53C}.Debug|iPhone.ActiveCfg = Debug|Any CPU
		{6127CC4F-C146-49DD-9382-DAF88792E53C}.Debug|iPhone.Build.0 = Debug|Any CPU
		{6127CC4F-C146-49DD-9382-DAF88792E53C}.Debug|iPhoneSimulator.ActiveCfg = Debug|Any CPU
		{6127CC4F-C146-49DD-9382-DAF88792E53C}.Debug|iPhoneSimulator.Build.0 = Debug|Any CPU
		{6127CC4F-C146-49DD-9382-DAF88792E53C}.Debug|x64.ActiveCfg = Debug|Any CPU
		{6127CC4F-C146-49DD-9382-DAF88792E53C}.Debug|x64.Build.0 = Debug|Any CPU
		{6127CC4F-C146-49DD-9382-DAF88792E53C}.Debug|x86.ActiveCfg = Debug|Any CPU
		{6127CC4F-C146-49DD-9382-DAF88792E53C}.Debug|x86.Build.0 = Debug|Any CPU
		{6127CC4F-C146-49DD-9382-DAF88792E53C}.Release|Any CPU.ActiveCfg = Release|Any CPU
		{6127CC4F-C146-49DD-9382-DAF88792E53C}.Release|Any CPU.Build.0 = Release|Any CPU
		{6127CC4F-C146-49DD-9382-DAF88792E53C}.Release|ARM.ActiveCfg = Release|Any CPU
		{6127CC4F-C146-49DD-9382-DAF88792E53C}.Release|ARM.Build.0 = Release|Any CPU
		{6127CC4F-C146-49DD-9382-DAF88792E53C}.Release|ARM64.ActiveCfg = Release|Any CPU
		{6127CC4F-C146-49DD-9382-DAF88792E53C}.Release|ARM64.Build.0 = Release|Any CPU
		{6127CC4F-C146-49DD-9382-DAF88792E53C}.Release|iPhone.ActiveCfg = Release|Any CPU
		{6127CC4F-C146-49DD-9382-DAF88792E53C}.Release|iPhone.Build.0 = Release|Any CPU
		{6127CC4F-C146-49DD-9382-DAF88792E53C}.Release|iPhoneSimulator.ActiveCfg = Release|Any CPU
		{6127CC4F-C146-49DD-9382-DAF88792E53C}.Release|iPhoneSimulator.Build.0 = Release|Any CPU
		{6127CC4F-C146-49DD-9382-DAF88792E53C}.Release|x64.ActiveCfg = Release|Any CPU
		{6127CC4F-C146-49DD-9382-DAF88792E53C}.Release|x64.Build.0 = Release|Any CPU
		{6127CC4F-C146-49DD-9382-DAF88792E53C}.Release|x86.ActiveCfg = Release|Any CPU
		{6127CC4F-C146-49DD-9382-DAF88792E53C}.Release|x86.Build.0 = Release|Any CPU
		{80DFB1C7-3BE7-4484-8775-186C89515251}.Ad-Hoc|Any CPU.ActiveCfg = Debug|iPhoneSimulator
		{80DFB1C7-3BE7-4484-8775-186C89515251}.Ad-Hoc|Any CPU.Build.0 = Debug|iPhoneSimulator
		{80DFB1C7-3BE7-4484-8775-186C89515251}.Ad-Hoc|ARM.ActiveCfg = Debug|iPhoneSimulator
		{80DFB1C7-3BE7-4484-8775-186C89515251}.Ad-Hoc|ARM.Build.0 = Debug|iPhoneSimulator
		{80DFB1C7-3BE7-4484-8775-186C89515251}.Ad-Hoc|ARM64.ActiveCfg = Debug|iPhoneSimulator
		{80DFB1C7-3BE7-4484-8775-186C89515251}.Ad-Hoc|ARM64.Build.0 = Debug|iPhoneSimulator
		{80DFB1C7-3BE7-4484-8775-186C89515251}.Ad-Hoc|iPhone.ActiveCfg = Debug|iPhoneSimulator
		{80DFB1C7-3BE7-4484-8775-186C89515251}.Ad-Hoc|iPhone.Build.0 = Debug|iPhoneSimulator
		{80DFB1C7-3BE7-4484-8775-186C89515251}.Ad-Hoc|iPhoneSimulator.ActiveCfg = Debug|iPhoneSimulator
		{80DFB1C7-3BE7-4484-8775-186C89515251}.Ad-Hoc|iPhoneSimulator.Build.0 = Debug|iPhoneSimulator
		{80DFB1C7-3BE7-4484-8775-186C89515251}.Ad-Hoc|x64.ActiveCfg = Debug|iPhoneSimulator
		{80DFB1C7-3BE7-4484-8775-186C89515251}.Ad-Hoc|x64.Build.0 = Debug|iPhoneSimulator
		{80DFB1C7-3BE7-4484-8775-186C89515251}.Ad-Hoc|x86.ActiveCfg = Debug|iPhoneSimulator
		{80DFB1C7-3BE7-4484-8775-186C89515251}.Ad-Hoc|x86.Build.0 = Debug|iPhoneSimulator
		{80DFB1C7-3BE7-4484-8775-186C89515251}.AppStore|Any CPU.ActiveCfg = Debug|iPhoneSimulator
		{80DFB1C7-3BE7-4484-8775-186C89515251}.AppStore|Any CPU.Build.0 = Debug|iPhoneSimulator
		{80DFB1C7-3BE7-4484-8775-186C89515251}.AppStore|ARM.ActiveCfg = Debug|iPhoneSimulator
		{80DFB1C7-3BE7-4484-8775-186C89515251}.AppStore|ARM.Build.0 = Debug|iPhoneSimulator
		{80DFB1C7-3BE7-4484-8775-186C89515251}.AppStore|ARM64.ActiveCfg = Debug|iPhoneSimulator
		{80DFB1C7-3BE7-4484-8775-186C89515251}.AppStore|ARM64.Build.0 = Debug|iPhoneSimulator
		{80DFB1C7-3BE7-4484-8775-186C89515251}.AppStore|iPhone.ActiveCfg = Debug|iPhoneSimulator
		{80DFB1C7-3BE7-4484-8775-186C89515251}.AppStore|iPhone.Build.0 = Debug|iPhoneSimulator
		{80DFB1C7-3BE7-4484-8775-186C89515251}.AppStore|iPhoneSimulator.ActiveCfg = Debug|iPhoneSimulator
		{80DFB1C7-3BE7-4484-8775-186C89515251}.AppStore|iPhoneSimulator.Build.0 = Debug|iPhoneSimulator
		{80DFB1C7-3BE7-4484-8775-186C89515251}.AppStore|x64.ActiveCfg = Debug|iPhoneSimulator
		{80DFB1C7-3BE7-4484-8775-186C89515251}.AppStore|x64.Build.0 = Debug|iPhoneSimulator
		{80DFB1C7-3BE7-4484-8775-186C89515251}.AppStore|x86.ActiveCfg = Debug|iPhoneSimulator
		{80DFB1C7-3BE7-4484-8775-186C89515251}.AppStore|x86.Build.0 = Debug|iPhoneSimulator
		{80DFB1C7-3BE7-4484-8775-186C89515251}.Debug|Any CPU.ActiveCfg = Debug|iPhoneSimulator
		{80DFB1C7-3BE7-4484-8775-186C89515251}.Debug|ARM.ActiveCfg = Debug|iPhoneSimulator
		{80DFB1C7-3BE7-4484-8775-186C89515251}.Debug|ARM64.ActiveCfg = Debug|iPhoneSimulator
		{80DFB1C7-3BE7-4484-8775-186C89515251}.Debug|iPhone.ActiveCfg = Debug|iPhoneSimulator
		{80DFB1C7-3BE7-4484-8775-186C89515251}.Debug|iPhoneSimulator.ActiveCfg = Debug|iPhoneSimulator
		{80DFB1C7-3BE7-4484-8775-186C89515251}.Debug|iPhoneSimulator.Build.0 = Debug|iPhoneSimulator
		{80DFB1C7-3BE7-4484-8775-186C89515251}.Debug|x64.ActiveCfg = Debug|iPhoneSimulator
		{80DFB1C7-3BE7-4484-8775-186C89515251}.Debug|x86.ActiveCfg = Debug|iPhoneSimulator
		{80DFB1C7-3BE7-4484-8775-186C89515251}.Release|Any CPU.ActiveCfg = Release|iPhoneSimulator
		{80DFB1C7-3BE7-4484-8775-186C89515251}.Release|ARM.ActiveCfg = Release|iPhoneSimulator
		{80DFB1C7-3BE7-4484-8775-186C89515251}.Release|ARM64.ActiveCfg = Release|iPhoneSimulator
		{80DFB1C7-3BE7-4484-8775-186C89515251}.Release|iPhone.ActiveCfg = Release|iPhoneSimulator
		{80DFB1C7-3BE7-4484-8775-186C89515251}.Release|iPhoneSimulator.ActiveCfg = Release|iPhoneSimulator
		{80DFB1C7-3BE7-4484-8775-186C89515251}.Release|iPhoneSimulator.Build.0 = Release|iPhoneSimulator
		{80DFB1C7-3BE7-4484-8775-186C89515251}.Release|x64.ActiveCfg = Release|iPhoneSimulator
		{80DFB1C7-3BE7-4484-8775-186C89515251}.Release|x86.ActiveCfg = Release|iPhoneSimulator
		{38003588-ED1C-4EB4-B1DB-2137E47E2DC6}.Ad-Hoc|Any CPU.ActiveCfg = Release|Any CPU
		{38003588-ED1C-4EB4-B1DB-2137E47E2DC6}.Ad-Hoc|Any CPU.Build.0 = Release|Any CPU
		{38003588-ED1C-4EB4-B1DB-2137E47E2DC6}.Ad-Hoc|ARM.ActiveCfg = Release|Any CPU
		{38003588-ED1C-4EB4-B1DB-2137E47E2DC6}.Ad-Hoc|ARM.Build.0 = Release|Any CPU
		{38003588-ED1C-4EB4-B1DB-2137E47E2DC6}.Ad-Hoc|ARM64.ActiveCfg = Release|Any CPU
		{38003588-ED1C-4EB4-B1DB-2137E47E2DC6}.Ad-Hoc|ARM64.Build.0 = Release|Any CPU
		{38003588-ED1C-4EB4-B1DB-2137E47E2DC6}.Ad-Hoc|iPhone.ActiveCfg = Release|Any CPU
		{38003588-ED1C-4EB4-B1DB-2137E47E2DC6}.Ad-Hoc|iPhone.Build.0 = Release|Any CPU
		{38003588-ED1C-4EB4-B1DB-2137E47E2DC6}.Ad-Hoc|iPhoneSimulator.ActiveCfg = Release|Any CPU
		{38003588-ED1C-4EB4-B1DB-2137E47E2DC6}.Ad-Hoc|iPhoneSimulator.Build.0 = Release|Any CPU
		{38003588-ED1C-4EB4-B1DB-2137E47E2DC6}.Ad-Hoc|x64.ActiveCfg = Release|Any CPU
		{38003588-ED1C-4EB4-B1DB-2137E47E2DC6}.Ad-Hoc|x64.Build.0 = Release|Any CPU
		{38003588-ED1C-4EB4-B1DB-2137E47E2DC6}.Ad-Hoc|x86.ActiveCfg = Release|Any CPU
		{38003588-ED1C-4EB4-B1DB-2137E47E2DC6}.Ad-Hoc|x86.Build.0 = Release|Any CPU
		{38003588-ED1C-4EB4-B1DB-2137E47E2DC6}.AppStore|Any CPU.ActiveCfg = Release|Any CPU
		{38003588-ED1C-4EB4-B1DB-2137E47E2DC6}.AppStore|Any CPU.Build.0 = Release|Any CPU
		{38003588-ED1C-4EB4-B1DB-2137E47E2DC6}.AppStore|ARM.ActiveCfg = Release|Any CPU
		{38003588-ED1C-4EB4-B1DB-2137E47E2DC6}.AppStore|ARM.Build.0 = Release|Any CPU
		{38003588-ED1C-4EB4-B1DB-2137E47E2DC6}.AppStore|ARM64.ActiveCfg = Release|Any CPU
		{38003588-ED1C-4EB4-B1DB-2137E47E2DC6}.AppStore|ARM64.Build.0 = Release|Any CPU
		{38003588-ED1C-4EB4-B1DB-2137E47E2DC6}.AppStore|iPhone.ActiveCfg = Release|Any CPU
		{38003588-ED1C-4EB4-B1DB-2137E47E2DC6}.AppStore|iPhone.Build.0 = Release|Any CPU
		{38003588-ED1C-4EB4-B1DB-2137E47E2DC6}.AppStore|iPhoneSimulator.ActiveCfg = Release|Any CPU
		{38003588-ED1C-4EB4-B1DB-2137E47E2DC6}.AppStore|iPhoneSimulator.Build.0 = Release|Any CPU
		{38003588-ED1C-4EB4-B1DB-2137E47E2DC6}.AppStore|x64.ActiveCfg = Release|Any CPU
		{38003588-ED1C-4EB4-B1DB-2137E47E2DC6}.AppStore|x64.Build.0 = Release|Any CPU
		{38003588-ED1C-4EB4-B1DB-2137E47E2DC6}.AppStore|x86.ActiveCfg = Release|Any CPU
		{38003588-ED1C-4EB4-B1DB-2137E47E2DC6}.AppStore|x86.Build.0 = Release|Any CPU
		{38003588-ED1C-4EB4-B1DB-2137E47E2DC6}.Debug|Any CPU.ActiveCfg = Debug|Any CPU
		{38003588-ED1C-4EB4-B1DB-2137E47E2DC6}.Debug|Any CPU.Build.0 = Debug|Any CPU
		{38003588-ED1C-4EB4-B1DB-2137E47E2DC6}.Debug|ARM.ActiveCfg = Debug|Any CPU
		{38003588-ED1C-4EB4-B1DB-2137E47E2DC6}.Debug|ARM.Build.0 = Debug|Any CPU
		{38003588-ED1C-4EB4-B1DB-2137E47E2DC6}.Debug|ARM64.ActiveCfg = Debug|Any CPU
		{38003588-ED1C-4EB4-B1DB-2137E47E2DC6}.Debug|ARM64.Build.0 = Debug|Any CPU
		{38003588-ED1C-4EB4-B1DB-2137E47E2DC6}.Debug|iPhone.ActiveCfg = Debug|Any CPU
		{38003588-ED1C-4EB4-B1DB-2137E47E2DC6}.Debug|iPhone.Build.0 = Debug|Any CPU
		{38003588-ED1C-4EB4-B1DB-2137E47E2DC6}.Debug|iPhoneSimulator.ActiveCfg = Debug|Any CPU
		{38003588-ED1C-4EB4-B1DB-2137E47E2DC6}.Debug|iPhoneSimulator.Build.0 = Debug|Any CPU
		{38003588-ED1C-4EB4-B1DB-2137E47E2DC6}.Debug|x64.ActiveCfg = Debug|Any CPU
		{38003588-ED1C-4EB4-B1DB-2137E47E2DC6}.Debug|x64.Build.0 = Debug|Any CPU
		{38003588-ED1C-4EB4-B1DB-2137E47E2DC6}.Debug|x86.ActiveCfg = Debug|Any CPU
		{38003588-ED1C-4EB4-B1DB-2137E47E2DC6}.Debug|x86.Build.0 = Debug|Any CPU
		{38003588-ED1C-4EB4-B1DB-2137E47E2DC6}.Release|Any CPU.ActiveCfg = Release|Any CPU
		{38003588-ED1C-4EB4-B1DB-2137E47E2DC6}.Release|Any CPU.Build.0 = Release|Any CPU
		{38003588-ED1C-4EB4-B1DB-2137E47E2DC6}.Release|ARM.ActiveCfg = Release|Any CPU
		{38003588-ED1C-4EB4-B1DB-2137E47E2DC6}.Release|ARM.Build.0 = Release|Any CPU
		{38003588-ED1C-4EB4-B1DB-2137E47E2DC6}.Release|ARM64.ActiveCfg = Release|Any CPU
		{38003588-ED1C-4EB4-B1DB-2137E47E2DC6}.Release|ARM64.Build.0 = Release|Any CPU
		{38003588-ED1C-4EB4-B1DB-2137E47E2DC6}.Release|iPhone.ActiveCfg = Release|Any CPU
		{38003588-ED1C-4EB4-B1DB-2137E47E2DC6}.Release|iPhone.Build.0 = Release|Any CPU
		{38003588-ED1C-4EB4-B1DB-2137E47E2DC6}.Release|iPhoneSimulator.ActiveCfg = Release|Any CPU
		{38003588-ED1C-4EB4-B1DB-2137E47E2DC6}.Release|iPhoneSimulator.Build.0 = Release|Any CPU
		{38003588-ED1C-4EB4-B1DB-2137E47E2DC6}.Release|x64.ActiveCfg = Release|Any CPU
		{38003588-ED1C-4EB4-B1DB-2137E47E2DC6}.Release|x64.Build.0 = Release|Any CPU
		{38003588-ED1C-4EB4-B1DB-2137E47E2DC6}.Release|x86.ActiveCfg = Release|Any CPU
		{38003588-ED1C-4EB4-B1DB-2137E47E2DC6}.Release|x86.Build.0 = Release|Any CPU
		{B965ACA3-F721-4EDD-9B76-EBD529EE4710}.Ad-Hoc|Any CPU.ActiveCfg = Release|Any CPU
		{B965ACA3-F721-4EDD-9B76-EBD529EE4710}.Ad-Hoc|Any CPU.Build.0 = Release|Any CPU
		{B965ACA3-F721-4EDD-9B76-EBD529EE4710}.Ad-Hoc|ARM.ActiveCfg = Release|Any CPU
		{B965ACA3-F721-4EDD-9B76-EBD529EE4710}.Ad-Hoc|ARM.Build.0 = Release|Any CPU
		{B965ACA3-F721-4EDD-9B76-EBD529EE4710}.Ad-Hoc|ARM64.ActiveCfg = Release|Any CPU
		{B965ACA3-F721-4EDD-9B76-EBD529EE4710}.Ad-Hoc|ARM64.Build.0 = Release|Any CPU
		{B965ACA3-F721-4EDD-9B76-EBD529EE4710}.Ad-Hoc|iPhone.ActiveCfg = Release|Any CPU
		{B965ACA3-F721-4EDD-9B76-EBD529EE4710}.Ad-Hoc|iPhone.Build.0 = Release|Any CPU
		{B965ACA3-F721-4EDD-9B76-EBD529EE4710}.Ad-Hoc|iPhoneSimulator.ActiveCfg = Release|Any CPU
		{B965ACA3-F721-4EDD-9B76-EBD529EE4710}.Ad-Hoc|iPhoneSimulator.Build.0 = Release|Any CPU
		{B965ACA3-F721-4EDD-9B76-EBD529EE4710}.Ad-Hoc|x64.ActiveCfg = Release|Any CPU
		{B965ACA3-F721-4EDD-9B76-EBD529EE4710}.Ad-Hoc|x64.Build.0 = Release|Any CPU
		{B965ACA3-F721-4EDD-9B76-EBD529EE4710}.Ad-Hoc|x86.ActiveCfg = Release|Any CPU
		{B965ACA3-F721-4EDD-9B76-EBD529EE4710}.Ad-Hoc|x86.Build.0 = Release|Any CPU
		{B965ACA3-F721-4EDD-9B76-EBD529EE4710}.AppStore|Any CPU.ActiveCfg = Release|Any CPU
		{B965ACA3-F721-4EDD-9B76-EBD529EE4710}.AppStore|Any CPU.Build.0 = Release|Any CPU
		{B965ACA3-F721-4EDD-9B76-EBD529EE4710}.AppStore|ARM.ActiveCfg = Release|Any CPU
		{B965ACA3-F721-4EDD-9B76-EBD529EE4710}.AppStore|ARM.Build.0 = Release|Any CPU
		{B965ACA3-F721-4EDD-9B76-EBD529EE4710}.AppStore|ARM64.ActiveCfg = Release|Any CPU
		{B965ACA3-F721-4EDD-9B76-EBD529EE4710}.AppStore|ARM64.Build.0 = Release|Any CPU
		{B965ACA3-F721-4EDD-9B76-EBD529EE4710}.AppStore|iPhone.ActiveCfg = Release|Any CPU
		{B965ACA3-F721-4EDD-9B76-EBD529EE4710}.AppStore|iPhone.Build.0 = Release|Any CPU
		{B965ACA3-F721-4EDD-9B76-EBD529EE4710}.AppStore|iPhoneSimulator.ActiveCfg = Release|Any CPU
		{B965ACA3-F721-4EDD-9B76-EBD529EE4710}.AppStore|iPhoneSimulator.Build.0 = Release|Any CPU
		{B965ACA3-F721-4EDD-9B76-EBD529EE4710}.AppStore|x64.ActiveCfg = Release|Any CPU
		{B965ACA3-F721-4EDD-9B76-EBD529EE4710}.AppStore|x64.Build.0 = Release|Any CPU
		{B965ACA3-F721-4EDD-9B76-EBD529EE4710}.AppStore|x86.ActiveCfg = Release|Any CPU
		{B965ACA3-F721-4EDD-9B76-EBD529EE4710}.AppStore|x86.Build.0 = Release|Any CPU
		{B965ACA3-F721-4EDD-9B76-EBD529EE4710}.Debug|Any CPU.ActiveCfg = Debug|Any CPU
		{B965ACA3-F721-4EDD-9B76-EBD529EE4710}.Debug|Any CPU.Build.0 = Debug|Any CPU
		{B965ACA3-F721-4EDD-9B76-EBD529EE4710}.Debug|ARM.ActiveCfg = Debug|Any CPU
		{B965ACA3-F721-4EDD-9B76-EBD529EE4710}.Debug|ARM.Build.0 = Debug|Any CPU
		{B965ACA3-F721-4EDD-9B76-EBD529EE4710}.Debug|ARM64.ActiveCfg = Debug|Any CPU
		{B965ACA3-F721-4EDD-9B76-EBD529EE4710}.Debug|ARM64.Build.0 = Debug|Any CPU
		{B965ACA3-F721-4EDD-9B76-EBD529EE4710}.Debug|iPhone.ActiveCfg = Debug|Any CPU
		{B965ACA3-F721-4EDD-9B76-EBD529EE4710}.Debug|iPhone.Build.0 = Debug|Any CPU
		{B965ACA3-F721-4EDD-9B76-EBD529EE4710}.Debug|iPhoneSimulator.ActiveCfg = Debug|Any CPU
		{B965ACA3-F721-4EDD-9B76-EBD529EE4710}.Debug|iPhoneSimulator.Build.0 = Debug|Any CPU
		{B965ACA3-F721-4EDD-9B76-EBD529EE4710}.Debug|x64.ActiveCfg = Debug|Any CPU
		{B965ACA3-F721-4EDD-9B76-EBD529EE4710}.Debug|x64.Build.0 = Debug|Any CPU
		{B965ACA3-F721-4EDD-9B76-EBD529EE4710}.Debug|x86.ActiveCfg = Debug|Any CPU
		{B965ACA3-F721-4EDD-9B76-EBD529EE4710}.Debug|x86.Build.0 = Debug|Any CPU
		{B965ACA3-F721-4EDD-9B76-EBD529EE4710}.Release|Any CPU.ActiveCfg = Release|Any CPU
		{B965ACA3-F721-4EDD-9B76-EBD529EE4710}.Release|Any CPU.Build.0 = Release|Any CPU
		{B965ACA3-F721-4EDD-9B76-EBD529EE4710}.Release|ARM.ActiveCfg = Release|Any CPU
		{B965ACA3-F721-4EDD-9B76-EBD529EE4710}.Release|ARM.Build.0 = Release|Any CPU
		{B965ACA3-F721-4EDD-9B76-EBD529EE4710}.Release|ARM64.ActiveCfg = Release|Any CPU
		{B965ACA3-F721-4EDD-9B76-EBD529EE4710}.Release|ARM64.Build.0 = Release|Any CPU
		{B965ACA3-F721-4EDD-9B76-EBD529EE4710}.Release|iPhone.ActiveCfg = Release|Any CPU
		{B965ACA3-F721-4EDD-9B76-EBD529EE4710}.Release|iPhone.Build.0 = Release|Any CPU
		{B965ACA3-F721-4EDD-9B76-EBD529EE4710}.Release|iPhoneSimulator.ActiveCfg = Release|Any CPU
		{B965ACA3-F721-4EDD-9B76-EBD529EE4710}.Release|iPhoneSimulator.Build.0 = Release|Any CPU
		{B965ACA3-F721-4EDD-9B76-EBD529EE4710}.Release|x64.ActiveCfg = Release|Any CPU
		{B965ACA3-F721-4EDD-9B76-EBD529EE4710}.Release|x64.Build.0 = Release|Any CPU
		{B965ACA3-F721-4EDD-9B76-EBD529EE4710}.Release|x86.ActiveCfg = Release|Any CPU
		{B965ACA3-F721-4EDD-9B76-EBD529EE4710}.Release|x86.Build.0 = Release|Any CPU
		{BE5F452C-D679-47AE-875B-417980ACA3A8}.Ad-Hoc|Any CPU.ActiveCfg = Release|Any CPU
		{BE5F452C-D679-47AE-875B-417980ACA3A8}.Ad-Hoc|Any CPU.Build.0 = Release|Any CPU
		{BE5F452C-D679-47AE-875B-417980ACA3A8}.Ad-Hoc|ARM.ActiveCfg = Release|Any CPU
		{BE5F452C-D679-47AE-875B-417980ACA3A8}.Ad-Hoc|ARM.Build.0 = Release|Any CPU
		{BE5F452C-D679-47AE-875B-417980ACA3A8}.Ad-Hoc|ARM64.ActiveCfg = Release|Any CPU
		{BE5F452C-D679-47AE-875B-417980ACA3A8}.Ad-Hoc|ARM64.Build.0 = Release|Any CPU
		{BE5F452C-D679-47AE-875B-417980ACA3A8}.Ad-Hoc|iPhone.ActiveCfg = Release|Any CPU
		{BE5F452C-D679-47AE-875B-417980ACA3A8}.Ad-Hoc|iPhone.Build.0 = Release|Any CPU
		{BE5F452C-D679-47AE-875B-417980ACA3A8}.Ad-Hoc|iPhoneSimulator.ActiveCfg = Release|Any CPU
		{BE5F452C-D679-47AE-875B-417980ACA3A8}.Ad-Hoc|iPhoneSimulator.Build.0 = Release|Any CPU
		{BE5F452C-D679-47AE-875B-417980ACA3A8}.Ad-Hoc|x64.ActiveCfg = Release|Any CPU
		{BE5F452C-D679-47AE-875B-417980ACA3A8}.Ad-Hoc|x64.Build.0 = Release|Any CPU
		{BE5F452C-D679-47AE-875B-417980ACA3A8}.Ad-Hoc|x86.ActiveCfg = Release|Any CPU
		{BE5F452C-D679-47AE-875B-417980ACA3A8}.Ad-Hoc|x86.Build.0 = Release|Any CPU
		{BE5F452C-D679-47AE-875B-417980ACA3A8}.AppStore|Any CPU.ActiveCfg = Release|Any CPU
		{BE5F452C-D679-47AE-875B-417980ACA3A8}.AppStore|Any CPU.Build.0 = Release|Any CPU
		{BE5F452C-D679-47AE-875B-417980ACA3A8}.AppStore|ARM.ActiveCfg = Release|Any CPU
		{BE5F452C-D679-47AE-875B-417980ACA3A8}.AppStore|ARM.Build.0 = Release|Any CPU
		{BE5F452C-D679-47AE-875B-417980ACA3A8}.AppStore|ARM64.ActiveCfg = Release|Any CPU
		{BE5F452C-D679-47AE-875B-417980ACA3A8}.AppStore|ARM64.Build.0 = Release|Any CPU
		{BE5F452C-D679-47AE-875B-417980ACA3A8}.AppStore|iPhone.ActiveCfg = Release|Any CPU
		{BE5F452C-D679-47AE-875B-417980ACA3A8}.AppStore|iPhone.Build.0 = Release|Any CPU
		{BE5F452C-D679-47AE-875B-417980ACA3A8}.AppStore|iPhoneSimulator.ActiveCfg = Release|Any CPU
		{BE5F452C-D679-47AE-875B-417980ACA3A8}.AppStore|iPhoneSimulator.Build.0 = Release|Any CPU
		{BE5F452C-D679-47AE-875B-417980ACA3A8}.AppStore|x64.ActiveCfg = Release|Any CPU
		{BE5F452C-D679-47AE-875B-417980ACA3A8}.AppStore|x64.Build.0 = Release|Any CPU
		{BE5F452C-D679-47AE-875B-417980ACA3A8}.AppStore|x86.ActiveCfg = Release|Any CPU
		{BE5F452C-D679-47AE-875B-417980ACA3A8}.AppStore|x86.Build.0 = Release|Any CPU
		{BE5F452C-D679-47AE-875B-417980ACA3A8}.Debug|Any CPU.ActiveCfg = Debug|Any CPU
		{BE5F452C-D679-47AE-875B-417980ACA3A8}.Debug|Any CPU.Build.0 = Debug|Any CPU
		{BE5F452C-D679-47AE-875B-417980ACA3A8}.Debug|ARM.ActiveCfg = Debug|Any CPU
		{BE5F452C-D679-47AE-875B-417980ACA3A8}.Debug|ARM.Build.0 = Debug|Any CPU
		{BE5F452C-D679-47AE-875B-417980ACA3A8}.Debug|ARM64.ActiveCfg = Debug|Any CPU
		{BE5F452C-D679-47AE-875B-417980ACA3A8}.Debug|ARM64.Build.0 = Debug|Any CPU
		{BE5F452C-D679-47AE-875B-417980ACA3A8}.Debug|iPhone.ActiveCfg = Debug|Any CPU
		{BE5F452C-D679-47AE-875B-417980ACA3A8}.Debug|iPhone.Build.0 = Debug|Any CPU
		{BE5F452C-D679-47AE-875B-417980ACA3A8}.Debug|iPhoneSimulator.ActiveCfg = Debug|Any CPU
		{BE5F452C-D679-47AE-875B-417980ACA3A8}.Debug|iPhoneSimulator.Build.0 = Debug|Any CPU
		{BE5F452C-D679-47AE-875B-417980ACA3A8}.Debug|x64.ActiveCfg = Debug|Any CPU
		{BE5F452C-D679-47AE-875B-417980ACA3A8}.Debug|x64.Build.0 = Debug|Any CPU
		{BE5F452C-D679-47AE-875B-417980ACA3A8}.Debug|x86.ActiveCfg = Debug|Any CPU
		{BE5F452C-D679-47AE-875B-417980ACA3A8}.Debug|x86.Build.0 = Debug|Any CPU
		{BE5F452C-D679-47AE-875B-417980ACA3A8}.Release|Any CPU.ActiveCfg = Release|Any CPU
		{BE5F452C-D679-47AE-875B-417980ACA3A8}.Release|Any CPU.Build.0 = Release|Any CPU
		{BE5F452C-D679-47AE-875B-417980ACA3A8}.Release|ARM.ActiveCfg = Release|Any CPU
		{BE5F452C-D679-47AE-875B-417980ACA3A8}.Release|ARM.Build.0 = Release|Any CPU
		{BE5F452C-D679-47AE-875B-417980ACA3A8}.Release|ARM64.ActiveCfg = Release|Any CPU
		{BE5F452C-D679-47AE-875B-417980ACA3A8}.Release|ARM64.Build.0 = Release|Any CPU
		{BE5F452C-D679-47AE-875B-417980ACA3A8}.Release|iPhone.ActiveCfg = Release|Any CPU
		{BE5F452C-D679-47AE-875B-417980ACA3A8}.Release|iPhone.Build.0 = Release|Any CPU
		{BE5F452C-D679-47AE-875B-417980ACA3A8}.Release|iPhoneSimulator.ActiveCfg = Release|Any CPU
		{BE5F452C-D679-47AE-875B-417980ACA3A8}.Release|iPhoneSimulator.Build.0 = Release|Any CPU
		{BE5F452C-D679-47AE-875B-417980ACA3A8}.Release|x64.ActiveCfg = Release|Any CPU
		{BE5F452C-D679-47AE-875B-417980ACA3A8}.Release|x64.Build.0 = Release|Any CPU
		{BE5F452C-D679-47AE-875B-417980ACA3A8}.Release|x86.ActiveCfg = Release|Any CPU
		{BE5F452C-D679-47AE-875B-417980ACA3A8}.Release|x86.Build.0 = Release|Any CPU
	EndGlobalSection
	GlobalSection(SolutionProperties) = preSolution
		HideSolutionNode = FALSE
	EndGlobalSection
	GlobalSection(ExtensibilityGlobals) = postSolution
		SolutionGuid = {0C8EAF39-A6A2-4611-9C9A-D1FD272F7C15}
	EndGlobalSection
EndGlobal
